// !$*UTF8*$!
{
	archiveVersion = 1;
	classes = {
	};
	objectVersion = 56;
	objects = {

/* Begin PBXBuildFile section */
		7DC64B372D905D6800E6ED1F /* SymbolPicker in Frameworks */ = {isa = PBXBuildFile; productRef = 7DC64B362D905D6800E6ED1F /* SymbolPicker */; };
		7DFE81BB2D8EECAC0068CBF8 /* EditVisitView.swift in Sources */ = {isa = PBXBuildFile; fileRef = 7DFE81BA2D8EECAC0068CBF8 /* EditVisitView.swift */; };
		A9297D932CEE6E9700688D77 /* EditPlaceView.swift in Sources */ = {isa = PBXBuildFile; fileRef = A9297D922CEE6E8F00688D77 /* EditPlaceView.swift */; };
		A937C4AE2D6BBFD8009BC131 /* ImportPlacesView.swift in Sources */ = {isa = PBXBuildFile; fileRef = A937C4AD2D6BBFD8009BC131 /* ImportPlacesView.swift */; };
		A937C4B02D6D03E3009BC131 /* FileManagerUtil.swift in Sources */ = {isa = PBXBuildFile; fileRef = A937C4AF2D6D03E3009BC131 /* FileManagerUtil.swift */; };
		A937C4B22D870738009BC131 /* TimingReportView.swift in Sources */ = {isa = PBXBuildFile; fileRef = A937C4B12D870738009BC131 /* TimingReportView.swift */; };
		A93842362CEBCBE400004536 /* ManagePlaceView.swift in Sources */ = {isa = PBXBuildFile; fileRef = A93842352CEBCBDE00004536 /* ManagePlaceView.swift */; };
		A93842382CEBCC5100004536 /* FindDuplicatesView.swift in Sources */ = {isa = PBXBuildFile; fileRef = A93842372CEBCC4300004536 /* FindDuplicatesView.swift */; };
		A9492B472B8A7FD10059DAB6 /* CoreGPX in Frameworks */ = {isa = PBXBuildFile; productRef = A9492B462B8A7FD10059DAB6 /* CoreGPX */; };
		A959A32B2BB56FD30095CCE4 /* TimelineManager.swift in Sources */ = {isa = PBXBuildFile; fileRef = A959A32A2BB56FD30095CCE4 /* TimelineManager.swift */; };
		A95FDABB2B810CC100097276 /* Models.swift in Sources */ = {isa = PBXBuildFile; fileRef = A95FDABA2B810CC100097276 /* Models.swift */; };
		A95FDABD2B82257A00097276 /* GPXManager.swift in Sources */ = {isa = PBXBuildFile; fileRef = A95FDABC2B82257A00097276 /* GPXManager.swift */; };
		A98A65412CC1944200061903 /* SettingsViews.swift in Sources */ = {isa = PBXBuildFile; fileRef = A98A65402CC1943F00061903 /* SettingsViews.swift */; };
		A98A65432CC2DCEC00061903 /* PlaceManager.swift in Sources */ = {isa = PBXBuildFile; fileRef = A98A65422CC2DCE800061903 /* PlaceManager.swift */; };
		A9B62FA62B66E692004A010E /* Life2GpxApp.swift in Sources */ = {isa = PBXBuildFile; fileRef = A9B62FA52B66E692004A010E /* Life2GpxApp.swift */; };
		A9B62FA82B66E692004A010E /* ContentView.swift in Sources */ = {isa = PBXBuildFile; fileRef = A9B62FA72B66E692004A010E /* ContentView.swift */; };
		A9B62FAA2B66E694004A010E /* Assets.xcassets in Resources */ = {isa = PBXBuildFile; fileRef = A9B62FA92B66E694004A010E /* Assets.xcassets */; };
		A9B62FAD2B66E694004A010E /* Preview Assets.xcassets in Resources */ = {isa = PBXBuildFile; fileRef = A9B62FAC2B66E694004A010E /* Preview Assets.xcassets */; };
		A9B62FB72B66E694004A010E /* Life2GpxTests.swift in Sources */ = {isa = PBXBuildFile; fileRef = A9B62FB62B66E694004A010E /* Life2GpxTests.swift */; };
		A9B62FC12B66E694004A010E /* Life2GpxUITests.swift in Sources */ = {isa = PBXBuildFile; fileRef = A9B62FC02B66E694004A010E /* Life2GpxUITests.swift */; };
		A9B62FC32B66E694004A010E /* Life2GpxUITestsLaunchTests.swift in Sources */ = {isa = PBXBuildFile; fileRef = A9B62FC22B66E694004A010E /* Life2GpxUITestsLaunchTests.swift */; };
		A9B62FD12B682E99004A010E /* LocationManager.swift in Sources */ = {isa = PBXBuildFile; fileRef = A9B62FD02B682E99004A010E /* LocationManager.swift */; };
		A9C5E5732BEBDDB100110A3A /* WidgetKit.framework in Frameworks */ = {isa = PBXBuildFile; fileRef = A9C5E5722BEBDDB100110A3A /* WidgetKit.framework */; };
		A9C5E5752BEBDDB100110A3A /* SwiftUI.framework in Frameworks */ = {isa = PBXBuildFile; fileRef = A9C5E5742BEBDDB100110A3A /* SwiftUI.framework */; };
		A9C5E5782BEBDDB100110A3A /* Lockscreen_WidgetsBundle.swift in Sources */ = {isa = PBXBuildFile; fileRef = A9C5E5772BEBDDB100110A3A /* Lockscreen_WidgetsBundle.swift */; };
		A9C5E57C2BEBDDB100110A3A /* Lockscreen_Widgets.swift in Sources */ = {isa = PBXBuildFile; fileRef = A9C5E57B2BEBDDB100110A3A /* Lockscreen_Widgets.swift */; };
		A9C5E5802BEBDDB500110A3A /* Assets.xcassets in Resources */ = {isa = PBXBuildFile; fileRef = A9C5E57F2BEBDDB500110A3A /* Assets.xcassets */; };
		A9C5E5842BEBDDB500110A3A /* Lockscreen WidgetsExtension.appex in Embed Foundation Extensions */ = {isa = PBXBuildFile; fileRef = A9C5E5702BEBDDB100110A3A /* Lockscreen WidgetsExtension.appex */; settings = {ATTRIBUTES = (RemoveHeadersOnCopy, ); }; };
		A9D55E232BDABE4B006B6316 /* MapView.swift in Sources */ = {isa = PBXBuildFile; fileRef = A9D55E222BDABE4B006B6316 /* MapView.swift */; };
		A9D55E252BDAD372006B6316 /* MapControlsView.swift in Sources */ = {isa = PBXBuildFile; fileRef = A9D55E242BDAD372006B6316 /* MapControlsView.swift */; };
		A9D55E272BDADA09006B6316 /* TimelineView.swift in Sources */ = {isa = PBXBuildFile; fileRef = A9D55E262BDADA09006B6316 /* TimelineView.swift */; };
		A9D55E2F2BDED8CC006B6316 /* splash.png in Resources */ = {isa = PBXBuildFile; fileRef = A9D55E2E2BDED8CC006B6316 /* splash.png */; };
		A9F47B8E2BAB735D001355A9 /* Preview.swift in Sources */ = {isa = PBXBuildFile; fileRef = A9F47B8D2BAB735D001355A9 /* Preview.swift */; };
/* End PBXBuildFile section */

/* Begin PBXContainerItemProxy section */
		A9B62FB32B66E694004A010E /* PBXContainerItemProxy */ = {
			isa = PBXContainerItemProxy;
			containerPortal = A9B62F9A2B66E692004A010E /* Project object */;
			proxyType = 1;
			remoteGlobalIDString = A9B62FA12B66E692004A010E;
			remoteInfo = Life2Gpx;
		};
		A9B62FBD2B66E694004A010E /* PBXContainerItemProxy */ = {
			isa = PBXContainerItemProxy;
			containerPortal = A9B62F9A2B66E692004A010E /* Project object */;
			proxyType = 1;
			remoteGlobalIDString = A9B62FA12B66E692004A010E;
			remoteInfo = Life2Gpx;
		};
		A9C5E5822BEBDDB500110A3A /* PBXContainerItemProxy */ = {
			isa = PBXContainerItemProxy;
			containerPortal = A9B62F9A2B66E692004A010E /* Project object */;
			proxyType = 1;
			remoteGlobalIDString = A9C5E56F2BEBDDB100110A3A;
			remoteInfo = "Lockscreen WidgetsExtension";
		};
/* End PBXContainerItemProxy section */

/* Begin PBXCopyFilesBuildPhase section */
		A9C5E5852BEBDDB500110A3A /* Embed Foundation Extensions */ = {
			isa = PBXCopyFilesBuildPhase;
			buildActionMask = 2147483647;
			dstPath = "";
			dstSubfolderSpec = 13;
			files = (
				A9C5E5842BEBDDB500110A3A /* Lockscreen WidgetsExtension.appex in Embed Foundation Extensions */,
			);
			name = "Embed Foundation Extensions";
			runOnlyForDeploymentPostprocessing = 0;
		};
/* End PBXCopyFilesBuildPhase section */

/* Begin PBXFileReference section */
		7DFE81BA2D8EECAC0068CBF8 /* EditVisitView.swift */ = {isa = PBXFileReference; lastKnownFileType = sourcecode.swift; path = EditVisitView.swift; sourceTree = "<group>"; };
		A9297D922CEE6E8F00688D77 /* EditPlaceView.swift */ = {isa = PBXFileReference; lastKnownFileType = sourcecode.swift; path = EditPlaceView.swift; sourceTree = "<group>"; };
		A937C4AD2D6BBFD8009BC131 /* ImportPlacesView.swift */ = {isa = PBXFileReference; lastKnownFileType = sourcecode.swift; path = ImportPlacesView.swift; sourceTree = "<group>"; };
		A937C4AF2D6D03E3009BC131 /* FileManagerUtil.swift */ = {isa = PBXFileReference; lastKnownFileType = sourcecode.swift; path = FileManagerUtil.swift; sourceTree = "<group>"; };
		A937C4B12D870738009BC131 /* TimingReportView.swift */ = {isa = PBXFileReference; lastKnownFileType = sourcecode.swift; path = TimingReportView.swift; sourceTree = "<group>"; };
		A93842352CEBCBDE00004536 /* ManagePlaceView.swift */ = {isa = PBXFileReference; lastKnownFileType = sourcecode.swift; path = ManagePlaceView.swift; sourceTree = "<group>"; };
		A93842372CEBCC4300004536 /* FindDuplicatesView.swift */ = {isa = PBXFileReference; lastKnownFileType = sourcecode.swift; path = FindDuplicatesView.swift; sourceTree = "<group>"; };
		A959A32A2BB56FD30095CCE4 /* TimelineManager.swift */ = {isa = PBXFileReference; lastKnownFileType = sourcecode.swift; path = TimelineManager.swift; sourceTree = "<group>"; };
		A95FDABA2B810CC100097276 /* Models.swift */ = {isa = PBXFileReference; lastKnownFileType = sourcecode.swift; path = Models.swift; sourceTree = "<group>"; };
		A95FDABC2B82257A00097276 /* GPXManager.swift */ = {isa = PBXFileReference; lastKnownFileType = sourcecode.swift; path = GPXManager.swift; sourceTree = "<group>"; };
		A98A65402CC1943F00061903 /* SettingsViews.swift */ = {isa = PBXFileReference; lastKnownFileType = sourcecode.swift; path = SettingsViews.swift; sourceTree = "<group>"; };
		A98A65422CC2DCE800061903 /* PlaceManager.swift */ = {isa = PBXFileReference; lastKnownFileType = sourcecode.swift; path = PlaceManager.swift; sourceTree = "<group>"; };
		A9B62FA22B66E692004A010E /* Life2Gpx.app */ = {isa = PBXFileReference; explicitFileType = wrapper.application; includeInIndex = 0; path = Life2Gpx.app; sourceTree = BUILT_PRODUCTS_DIR; };
		A9B62FA52B66E692004A010E /* Life2GpxApp.swift */ = {isa = PBXFileReference; lastKnownFileType = sourcecode.swift; path = Life2GpxApp.swift; sourceTree = "<group>"; };
		A9B62FA72B66E692004A010E /* ContentView.swift */ = {isa = PBXFileReference; lastKnownFileType = sourcecode.swift; path = ContentView.swift; sourceTree = "<group>"; };
		A9B62FA92B66E694004A010E /* Assets.xcassets */ = {isa = PBXFileReference; lastKnownFileType = folder.assetcatalog; path = Assets.xcassets; sourceTree = "<group>"; };
		A9B62FAC2B66E694004A010E /* Preview Assets.xcassets */ = {isa = PBXFileReference; lastKnownFileType = folder.assetcatalog; path = "Preview Assets.xcassets"; sourceTree = "<group>"; };
		A9B62FB22B66E694004A010E /* Life2GpxTests.xctest */ = {isa = PBXFileReference; explicitFileType = wrapper.cfbundle; includeInIndex = 0; path = Life2GpxTests.xctest; sourceTree = BUILT_PRODUCTS_DIR; };
		A9B62FB62B66E694004A010E /* Life2GpxTests.swift */ = {isa = PBXFileReference; lastKnownFileType = sourcecode.swift; path = Life2GpxTests.swift; sourceTree = "<group>"; };
		A9B62FBC2B66E694004A010E /* Life2GpxUITests.xctest */ = {isa = PBXFileReference; explicitFileType = wrapper.cfbundle; includeInIndex = 0; path = Life2GpxUITests.xctest; sourceTree = BUILT_PRODUCTS_DIR; };
		A9B62FC02B66E694004A010E /* Life2GpxUITests.swift */ = {isa = PBXFileReference; lastKnownFileType = sourcecode.swift; path = Life2GpxUITests.swift; sourceTree = "<group>"; };
		A9B62FC22B66E694004A010E /* Life2GpxUITestsLaunchTests.swift */ = {isa = PBXFileReference; lastKnownFileType = sourcecode.swift; path = Life2GpxUITestsLaunchTests.swift; sourceTree = "<group>"; };
		A9B62FCF2B682E1B004A010E /* Info.plist */ = {isa = PBXFileReference; lastKnownFileType = text.plist; path = Info.plist; sourceTree = "<group>"; };
		A9B62FD02B682E99004A010E /* LocationManager.swift */ = {isa = PBXFileReference; lastKnownFileType = sourcecode.swift; path = LocationManager.swift; sourceTree = "<group>"; };
		A9C5E5702BEBDDB100110A3A /* Lockscreen WidgetsExtension.appex */ = {isa = PBXFileReference; explicitFileType = "wrapper.app-extension"; includeInIndex = 0; path = "Lockscreen WidgetsExtension.appex"; sourceTree = BUILT_PRODUCTS_DIR; };
		A9C5E5722BEBDDB100110A3A /* WidgetKit.framework */ = {isa = PBXFileReference; lastKnownFileType = wrapper.framework; name = WidgetKit.framework; path = System/Library/Frameworks/WidgetKit.framework; sourceTree = SDKROOT; };
		A9C5E5742BEBDDB100110A3A /* SwiftUI.framework */ = {isa = PBXFileReference; lastKnownFileType = wrapper.framework; name = SwiftUI.framework; path = System/Library/Frameworks/SwiftUI.framework; sourceTree = SDKROOT; };
		A9C5E5772BEBDDB100110A3A /* Lockscreen_WidgetsBundle.swift */ = {isa = PBXFileReference; lastKnownFileType = sourcecode.swift; path = Lockscreen_WidgetsBundle.swift; sourceTree = "<group>"; };
		A9C5E57B2BEBDDB100110A3A /* Lockscreen_Widgets.swift */ = {isa = PBXFileReference; lastKnownFileType = sourcecode.swift; path = Lockscreen_Widgets.swift; sourceTree = "<group>"; };
		A9C5E57F2BEBDDB500110A3A /* Assets.xcassets */ = {isa = PBXFileReference; lastKnownFileType = folder.assetcatalog; path = Assets.xcassets; sourceTree = "<group>"; };
		A9C5E5812BEBDDB500110A3A /* Info.plist */ = {isa = PBXFileReference; lastKnownFileType = text.plist.xml; path = Info.plist; sourceTree = "<group>"; };
		A9C5E5892BED3EDB00110A3A /* Life2GpxDebug.entitlements */ = {isa = PBXFileReference; lastKnownFileType = text.plist.entitlements; path = Life2GpxDebug.entitlements; sourceTree = "<group>"; };
		A9C5E58A2BED3F2600110A3A /* Lockscreen WidgetsExtensionDebug.entitlements */ = {isa = PBXFileReference; lastKnownFileType = text.plist.entitlements; path = "Lockscreen WidgetsExtensionDebug.entitlements"; sourceTree = "<group>"; };
		A9D55E222BDABE4B006B6316 /* MapView.swift */ = {isa = PBXFileReference; lastKnownFileType = sourcecode.swift; path = MapView.swift; sourceTree = "<group>"; };
		A9D55E242BDAD372006B6316 /* MapControlsView.swift */ = {isa = PBXFileReference; lastKnownFileType = sourcecode.swift; path = MapControlsView.swift; sourceTree = "<group>"; };
		A9D55E262BDADA09006B6316 /* TimelineView.swift */ = {isa = PBXFileReference; lastKnownFileType = sourcecode.swift; path = TimelineView.swift; sourceTree = "<group>"; };
		A9D55E2B2BDED12D006B6316 /* Life2Gpx.entitlements */ = {isa = PBXFileReference; lastKnownFileType = text.plist.entitlements; path = Life2Gpx.entitlements; sourceTree = "<group>"; };
		A9D55E2E2BDED8CC006B6316 /* splash.png */ = {isa = PBXFileReference; lastKnownFileType = image.png; path = splash.png; sourceTree = "<group>"; };
		A9F47B8D2BAB735D001355A9 /* Preview.swift */ = {isa = PBXFileReference; lastKnownFileType = sourcecode.swift; path = Preview.swift; sourceTree = "<group>"; };
/* End PBXFileReference section */

/* Begin PBXFrameworksBuildPhase section */
		A9B62F9F2B66E692004A010E /* Frameworks */ = {
			isa = PBXFrameworksBuildPhase;
			buildActionMask = 2147483647;
			files = (
				7DC64B372D905D6800E6ED1F /* SymbolPicker in Frameworks */,
				A9492B472B8A7FD10059DAB6 /* CoreGPX in Frameworks */,
			);
			runOnlyForDeploymentPostprocessing = 0;
		};
		A9B62FAF2B66E694004A010E /* Frameworks */ = {
			isa = PBXFrameworksBuildPhase;
			buildActionMask = 2147483647;
			files = (
			);
			runOnlyForDeploymentPostprocessing = 0;
		};
		A9B62FB92B66E694004A010E /* Frameworks */ = {
			isa = PBXFrameworksBuildPhase;
			buildActionMask = 2147483647;
			files = (
			);
			runOnlyForDeploymentPostprocessing = 0;
		};
		A9C5E56D2BEBDDB100110A3A /* Frameworks */ = {
			isa = PBXFrameworksBuildPhase;
			buildActionMask = 2147483647;
			files = (
				A9C5E5752BEBDDB100110A3A /* SwiftUI.framework in Frameworks */,
				A9C5E5732BEBDDB100110A3A /* WidgetKit.framework in Frameworks */,
			);
			runOnlyForDeploymentPostprocessing = 0;
		};
/* End PBXFrameworksBuildPhase section */

/* Begin PBXGroup section */
		A93842392CEBCC8900004536 /* Views */ = {
			isa = PBXGroup;
			children = (
				7DFE81BA2D8EECAC0068CBF8 /* EditVisitView.swift */,
				A9297D922CEE6E8F00688D77 /* EditPlaceView.swift */,
				A93842372CEBCC4300004536 /* FindDuplicatesView.swift */,
				A93842352CEBCBDE00004536 /* ManagePlaceView.swift */,
				A98A65402CC1943F00061903 /* SettingsViews.swift */,
				A9B62FA72B66E692004A010E /* ContentView.swift */,
				A9D55E262BDADA09006B6316 /* TimelineView.swift */,
				A9D55E222BDABE4B006B6316 /* MapView.swift */,
				A9D55E242BDAD372006B6316 /* MapControlsView.swift */,
				A937C4AD2D6BBFD8009BC131 /* ImportPlacesView.swift */,
				A937C4B12D870738009BC131 /* TimingReportView.swift */,
			);
			path = Views;
			sourceTree = "<group>";
		};
		A9B62F992B66E692004A010E = {
			isa = PBXGroup;
			children = (
				A9C5E58A2BED3F2600110A3A /* Lockscreen WidgetsExtensionDebug.entitlements */,
				A9B62FA42B66E692004A010E /* Life2Gpx */,
				A9B62FB52B66E694004A010E /* Life2GpxTests */,
				A9B62FBF2B66E694004A010E /* Life2GpxUITests */,
				A9C5E5762BEBDDB100110A3A /* Lockscreen Widgets */,
				A9C5E5712BEBDDB100110A3A /* Frameworks */,
				A9B62FA32B66E692004A010E /* Products */,
			);
			sourceTree = "<group>";
		};
		A9B62FA32B66E692004A010E /* Products */ = {
			isa = PBXGroup;
			children = (
				A9B62FA22B66E692004A010E /* Life2Gpx.app */,
				A9B62FB22B66E694004A010E /* Life2GpxTests.xctest */,
				A9B62FBC2B66E694004A010E /* Life2GpxUITests.xctest */,
				A9C5E5702BEBDDB100110A3A /* Lockscreen WidgetsExtension.appex */,
			);
			name = Products;
			sourceTree = "<group>";
		};
		A9B62FA42B66E692004A010E /* Life2Gpx */ = {
			isa = PBXGroup;
			children = (
				A93842392CEBCC8900004536 /* Views */,
				A98A65422CC2DCE800061903 /* PlaceManager.swift */,
				A9C5E5892BED3EDB00110A3A /* Life2GpxDebug.entitlements */,
				A9D55E2B2BDED12D006B6316 /* Life2Gpx.entitlements */,
				A9B62FCF2B682E1B004A010E /* Info.plist */,
				A9B62FD02B682E99004A010E /* LocationManager.swift */,
				A9D55E2E2BDED8CC006B6316 /* splash.png */,
				A9B62FA52B66E692004A010E /* Life2GpxApp.swift */,
				A9B62FA92B66E694004A010E /* Assets.xcassets */,
				A9B62FAB2B66E694004A010E /* Preview Content */,
				A95FDABA2B810CC100097276 /* Models.swift */,
				A95FDABC2B82257A00097276 /* GPXManager.swift */,
				A9F47B8D2BAB735D001355A9 /* Preview.swift */,
				A959A32A2BB56FD30095CCE4 /* TimelineManager.swift */,
				A937C4AF2D6D03E3009BC131 /* FileManagerUtil.swift */,
			);
			path = Life2Gpx;
			sourceTree = "<group>";
		};
		A9B62FAB2B66E694004A010E /* Preview Content */ = {
			isa = PBXGroup;
			children = (
				A9B62FAC2B66E694004A010E /* Preview Assets.xcassets */,
			);
			path = "Preview Content";
			sourceTree = "<group>";
		};
		A9B62FB52B66E694004A010E /* Life2GpxTests */ = {
			isa = PBXGroup;
			children = (
				A9B62FB62B66E694004A010E /* Life2GpxTests.swift */,
			);
			path = Life2GpxTests;
			sourceTree = "<group>";
		};
		A9B62FBF2B66E694004A010E /* Life2GpxUITests */ = {
			isa = PBXGroup;
			children = (
				A9B62FC02B66E694004A010E /* Life2GpxUITests.swift */,
				A9B62FC22B66E694004A010E /* Life2GpxUITestsLaunchTests.swift */,
			);
			path = Life2GpxUITests;
			sourceTree = "<group>";
		};
		A9C5E5712BEBDDB100110A3A /* Frameworks */ = {
			isa = PBXGroup;
			children = (
				A9C5E5722BEBDDB100110A3A /* WidgetKit.framework */,
				A9C5E5742BEBDDB100110A3A /* SwiftUI.framework */,
			);
			name = Frameworks;
			sourceTree = "<group>";
		};
		A9C5E5762BEBDDB100110A3A /* Lockscreen Widgets */ = {
			isa = PBXGroup;
			children = (
				A9C5E5772BEBDDB100110A3A /* Lockscreen_WidgetsBundle.swift */,
				A9C5E57B2BEBDDB100110A3A /* Lockscreen_Widgets.swift */,
				A9C5E57F2BEBDDB500110A3A /* Assets.xcassets */,
				A9C5E5812BEBDDB500110A3A /* Info.plist */,
			);
			path = "Lockscreen Widgets";
			sourceTree = "<group>";
		};
/* End PBXGroup section */

/* Begin PBXNativeTarget section */
		A9B62FA12B66E692004A010E /* Life2Gpx */ = {
			isa = PBXNativeTarget;
			buildConfigurationList = A9B62FC62B66E694004A010E /* Build configuration list for PBXNativeTarget "Life2Gpx" */;
			buildPhases = (
				A9B62F9E2B66E692004A010E /* Sources */,
				A9B62F9F2B66E692004A010E /* Frameworks */,
				A9B62FA02B66E692004A010E /* Resources */,
				A9C5E5852BEBDDB500110A3A /* Embed Foundation Extensions */,
			);
			buildRules = (
			);
			dependencies = (
				A9C5E5832BEBDDB500110A3A /* PBXTargetDependency */,
			);
			name = Life2Gpx;
			packageProductDependencies = (
				A9492B462B8A7FD10059DAB6 /* CoreGPX */,
				7DC64B362D905D6800E6ED1F /* SymbolPicker */,
			);
			productName = Life2Gpx;
			productReference = A9B62FA22B66E692004A010E /* Life2Gpx.app */;
			productType = "com.apple.product-type.application";
		};
		A9B62FB12B66E694004A010E /* Life2GpxTests */ = {
			isa = PBXNativeTarget;
			buildConfigurationList = A9B62FC92B66E694004A010E /* Build configuration list for PBXNativeTarget "Life2GpxTests" */;
			buildPhases = (
				A9B62FAE2B66E694004A010E /* Sources */,
				A9B62FAF2B66E694004A010E /* Frameworks */,
				A9B62FB02B66E694004A010E /* Resources */,
			);
			buildRules = (
			);
			dependencies = (
				A9B62FB42B66E694004A010E /* PBXTargetDependency */,
			);
			name = Life2GpxTests;
			productName = Life2GpxTests;
			productReference = A9B62FB22B66E694004A010E /* Life2GpxTests.xctest */;
			productType = "com.apple.product-type.bundle.unit-test";
		};
		A9B62FBB2B66E694004A010E /* Life2GpxUITests */ = {
			isa = PBXNativeTarget;
			buildConfigurationList = A9B62FCC2B66E694004A010E /* Build configuration list for PBXNativeTarget "Life2GpxUITests" */;
			buildPhases = (
				A9B62FB82B66E694004A010E /* Sources */,
				A9B62FB92B66E694004A010E /* Frameworks */,
				A9B62FBA2B66E694004A010E /* Resources */,
			);
			buildRules = (
			);
			dependencies = (
				A9B62FBE2B66E694004A010E /* PBXTargetDependency */,
			);
			name = Life2GpxUITests;
			productName = Life2GpxUITests;
			productReference = A9B62FBC2B66E694004A010E /* Life2GpxUITests.xctest */;
			productType = "com.apple.product-type.bundle.ui-testing";
		};
		A9C5E56F2BEBDDB100110A3A /* Lockscreen WidgetsExtension */ = {
			isa = PBXNativeTarget;
			buildConfigurationList = A9C5E5882BEBDDB500110A3A /* Build configuration list for PBXNativeTarget "Lockscreen WidgetsExtension" */;
			buildPhases = (
				A9C5E56C2BEBDDB100110A3A /* Sources */,
				A9C5E56D2BEBDDB100110A3A /* Frameworks */,
				A9C5E56E2BEBDDB100110A3A /* Resources */,
			);
			buildRules = (
			);
			dependencies = (
			);
			name = "Lockscreen WidgetsExtension";
			productName = "Lockscreen WidgetsExtension";
			productReference = A9C5E5702BEBDDB100110A3A /* Lockscreen WidgetsExtension.appex */;
			productType = "com.apple.product-type.app-extension";
		};
/* End PBXNativeTarget section */

/* Begin PBXProject section */
		A9B62F9A2B66E692004A010E /* Project object */ = {
			isa = PBXProject;
			attributes = {
				BuildIndependentTargetsInParallel = 1;
				LastSwiftUpdateCheck = 1530;
				LastUpgradeCheck = 1520;
				TargetAttributes = {
					A9B62FA12B66E692004A010E = {
						CreatedOnToolsVersion = 15.2;
					};
					A9B62FB12B66E694004A010E = {
						CreatedOnToolsVersion = 15.2;
						TestTargetID = A9B62FA12B66E692004A010E;
					};
					A9B62FBB2B66E694004A010E = {
						CreatedOnToolsVersion = 15.2;
						TestTargetID = A9B62FA12B66E692004A010E;
					};
					A9C5E56F2BEBDDB100110A3A = {
						CreatedOnToolsVersion = 15.3;
					};
				};
			};
			buildConfigurationList = A9B62F9D2B66E692004A010E /* Build configuration list for PBXProject "Life2Gpx" */;
			compatibilityVersion = "Xcode 14.0";
			developmentRegion = en;
			hasScannedForEncodings = 0;
			knownRegions = (
				en,
				Base,
			);
			mainGroup = A9B62F992B66E692004A010E;
			packageReferences = (
				A9492B452B8A7FD10059DAB6 /* XCRemoteSwiftPackageReference "CoreGPX" */,
				7DC64B352D905D6800E6ED1F /* XCRemoteSwiftPackageReference "SymbolPicker" */,
			);
			productRefGroup = A9B62FA32B66E692004A010E /* Products */;
			projectDirPath = "";
			projectRoot = "";
			targets = (
				A9B62FA12B66E692004A010E /* Life2Gpx */,
				A9B62FB12B66E694004A010E /* Life2GpxTests */,
				A9B62FBB2B66E694004A010E /* Life2GpxUITests */,
				A9C5E56F2BEBDDB100110A3A /* Lockscreen WidgetsExtension */,
			);
		};
/* End PBXProject section */

/* Begin PBXResourcesBuildPhase section */
		A9B62FA02B66E692004A010E /* Resources */ = {
			isa = PBXResourcesBuildPhase;
			buildActionMask = 2147483647;
			files = (
				A9B62FAD2B66E694004A010E /* Preview Assets.xcassets in Resources */,
				A9D55E2F2BDED8CC006B6316 /* splash.png in Resources */,
				A9B62FAA2B66E694004A010E /* Assets.xcassets in Resources */,
			);
			runOnlyForDeploymentPostprocessing = 0;
		};
		A9B62FB02B66E694004A010E /* Resources */ = {
			isa = PBXResourcesBuildPhase;
			buildActionMask = 2147483647;
			files = (
			);
			runOnlyForDeploymentPostprocessing = 0;
		};
		A9B62FBA2B66E694004A010E /* Resources */ = {
			isa = PBXResourcesBuildPhase;
			buildActionMask = 2147483647;
			files = (
			);
			runOnlyForDeploymentPostprocessing = 0;
		};
		A9C5E56E2BEBDDB100110A3A /* Resources */ = {
			isa = PBXResourcesBuildPhase;
			buildActionMask = 2147483647;
			files = (
				A9C5E5802BEBDDB500110A3A /* Assets.xcassets in Resources */,
			);
			runOnlyForDeploymentPostprocessing = 0;
		};
/* End PBXResourcesBuildPhase section */

/* Begin PBXSourcesBuildPhase section */
		A9B62F9E2B66E692004A010E /* Sources */ = {
			isa = PBXSourcesBuildPhase;
			buildActionMask = 2147483647;
			files = (
				A937C4B22D870738009BC131 /* TimingReportView.swift in Sources */,
				A93842362CEBCBE400004536 /* ManagePlaceView.swift in Sources */,
				7DFE81BB2D8EECAC0068CBF8 /* EditVisitView.swift in Sources */,
				A959A32B2BB56FD30095CCE4 /* TimelineManager.swift in Sources */,
				A937C4B02D6D03E3009BC131 /* FileManagerUtil.swift in Sources */,
				A9D55E232BDABE4B006B6316 /* MapView.swift in Sources */,
				A9B62FA82B66E692004A010E /* ContentView.swift in Sources */,
				A9D55E272BDADA09006B6316 /* TimelineView.swift in Sources */,
				A9B62FA62B66E692004A010E /* Life2GpxApp.swift in Sources */,
				A98A65432CC2DCEC00061903 /* PlaceManager.swift in Sources */,
				A9B62FD12B682E99004A010E /* LocationManager.swift in Sources */,
				A95FDABD2B82257A00097276 /* GPXManager.swift in Sources */,
				A9F47B8E2BAB735D001355A9 /* Preview.swift in Sources */,
				A9D55E252BDAD372006B6316 /* MapControlsView.swift in Sources */,
				A93842382CEBCC5100004536 /* FindDuplicatesView.swift in Sources */,
				A95FDABB2B810CC100097276 /* Models.swift in Sources */,
				A9297D932CEE6E9700688D77 /* EditPlaceView.swift in Sources */,
				A98A65412CC1944200061903 /* SettingsViews.swift in Sources */,
				A937C4AE2D6BBFD8009BC131 /* ImportPlacesView.swift in Sources */,
			);
			runOnlyForDeploymentPostprocessing = 0;
		};
		A9B62FAE2B66E694004A010E /* Sources */ = {
			isa = PBXSourcesBuildPhase;
			buildActionMask = 2147483647;
			files = (
				A9B62FB72B66E694004A010E /* Life2GpxTests.swift in Sources */,
			);
			runOnlyForDeploymentPostprocessing = 0;
		};
		A9B62FB82B66E694004A010E /* Sources */ = {
			isa = PBXSourcesBuildPhase;
			buildActionMask = 2147483647;
			files = (
				A9B62FC32B66E694004A010E /* Life2GpxUITestsLaunchTests.swift in Sources */,
				A9B62FC12B66E694004A010E /* Life2GpxUITests.swift in Sources */,
			);
			runOnlyForDeploymentPostprocessing = 0;
		};
		A9C5E56C2BEBDDB100110A3A /* Sources */ = {
			isa = PBXSourcesBuildPhase;
			buildActionMask = 2147483647;
			files = (
				A9C5E5782BEBDDB100110A3A /* Lockscreen_WidgetsBundle.swift in Sources */,
				A9C5E57C2BEBDDB100110A3A /* Lockscreen_Widgets.swift in Sources */,
			);
			runOnlyForDeploymentPostprocessing = 0;
		};
/* End PBXSourcesBuildPhase section */

/* Begin PBXTargetDependency section */
		A9B62FB42B66E694004A010E /* PBXTargetDependency */ = {
			isa = PBXTargetDependency;
			target = A9B62FA12B66E692004A010E /* Life2Gpx */;
			targetProxy = A9B62FB32B66E694004A010E /* PBXContainerItemProxy */;
		};
		A9B62FBE2B66E694004A010E /* PBXTargetDependency */ = {
			isa = PBXTargetDependency;
			target = A9B62FA12B66E692004A010E /* Life2Gpx */;
			targetProxy = A9B62FBD2B66E694004A010E /* PBXContainerItemProxy */;
		};
		A9C5E5832BEBDDB500110A3A /* PBXTargetDependency */ = {
			isa = PBXTargetDependency;
			target = A9C5E56F2BEBDDB100110A3A /* Lockscreen WidgetsExtension */;
			targetProxy = A9C5E5822BEBDDB500110A3A /* PBXContainerItemProxy */;
		};
/* End PBXTargetDependency section */

/* Begin XCBuildConfiguration section */
		A9B62FC42B66E694004A010E /* Debug */ = {
			isa = XCBuildConfiguration;
			buildSettings = {
				ALWAYS_SEARCH_USER_PATHS = NO;
				ASSETCATALOG_COMPILER_GENERATE_SWIFT_ASSET_SYMBOL_EXTENSIONS = YES;
				CLANG_ANALYZER_NONNULL = YES;
				CLANG_ANALYZER_NUMBER_OBJECT_CONVERSION = YES_AGGRESSIVE;
				CLANG_CXX_LANGUAGE_STANDARD = "gnu++20";
				CLANG_ENABLE_MODULES = YES;
				CLANG_ENABLE_OBJC_ARC = YES;
				CLANG_ENABLE_OBJC_WEAK = YES;
				CLANG_WARN_BLOCK_CAPTURE_AUTORELEASING = YES;
				CLANG_WARN_BOOL_CONVERSION = YES;
				CLANG_WARN_COMMA = YES;
				CLANG_WARN_CONSTANT_CONVERSION = YES;
				CLANG_WARN_DEPRECATED_OBJC_IMPLEMENTATIONS = YES;
				CLANG_WARN_DIRECT_OBJC_ISA_USAGE = YES_ERROR;
				CLANG_WARN_DOCUMENTATION_COMMENTS = YES;
				CLANG_WARN_EMPTY_BODY = YES;
				CLANG_WARN_ENUM_CONVERSION = YES;
				CLANG_WARN_INFINITE_RECURSION = YES;
				CLANG_WARN_INT_CONVERSION = YES;
				CLANG_WARN_NON_LITERAL_NULL_CONVERSION = YES;
				CLANG_WARN_OBJC_IMPLICIT_RETAIN_SELF = YES;
				CLANG_WARN_OBJC_LITERAL_CONVERSION = YES;
				CLANG_WARN_OBJC_ROOT_CLASS = YES_ERROR;
				CLANG_WARN_QUOTED_INCLUDE_IN_FRAMEWORK_HEADER = YES;
				CLANG_WARN_RANGE_LOOP_ANALYSIS = YES;
				CLANG_WARN_STRICT_PROTOTYPES = YES;
				CLANG_WARN_SUSPICIOUS_MOVE = YES;
				CLANG_WARN_UNGUARDED_AVAILABILITY = YES_AGGRESSIVE;
				CLANG_WARN_UNREACHABLE_CODE = YES;
				CLANG_WARN__DUPLICATE_METHOD_MATCH = YES;
				COPY_PHASE_STRIP = NO;
				DEBUG_INFORMATION_FORMAT = dwarf;
				ENABLE_STRICT_OBJC_MSGSEND = YES;
				ENABLE_TESTABILITY = YES;
				ENABLE_USER_SCRIPT_SANDBOXING = YES;
				GCC_C_LANGUAGE_STANDARD = gnu17;
				GCC_DYNAMIC_NO_PIC = NO;
				GCC_NO_COMMON_BLOCKS = YES;
				GCC_OPTIMIZATION_LEVEL = 0;
				GCC_PREPROCESSOR_DEFINITIONS = (
					"DEBUG=1",
					"$(inherited)",
				);
				GCC_WARN_64_TO_32_BIT_CONVERSION = YES;
				GCC_WARN_ABOUT_RETURN_TYPE = YES_ERROR;
				GCC_WARN_UNDECLARED_SELECTOR = YES;
				GCC_WARN_UNINITIALIZED_AUTOS = YES_AGGRESSIVE;
				GCC_WARN_UNUSED_FUNCTION = YES;
				GCC_WARN_UNUSED_VARIABLE = YES;
				IPHONEOS_DEPLOYMENT_TARGET = 17.2;
				LOCALIZATION_PREFERS_STRING_CATALOGS = YES;
				MTL_ENABLE_DEBUG_INFO = INCLUDE_SOURCE;
				MTL_FAST_MATH = YES;
				ONLY_ACTIVE_ARCH = YES;
				SDKROOT = iphoneos;
				SWIFT_ACTIVE_COMPILATION_CONDITIONS = "DEBUG $(inherited)";
				SWIFT_OPTIMIZATION_LEVEL = "-Onone";
			};
			name = Debug;
		};
		A9B62FC52B66E694004A010E /* Release */ = {
			isa = XCBuildConfiguration;
			buildSettings = {
				ALWAYS_SEARCH_USER_PATHS = NO;
				ASSETCATALOG_COMPILER_GENERATE_SWIFT_ASSET_SYMBOL_EXTENSIONS = YES;
				CLANG_ANALYZER_NONNULL = YES;
				CLANG_ANALYZER_NUMBER_OBJECT_CONVERSION = YES_AGGRESSIVE;
				CLANG_CXX_LANGUAGE_STANDARD = "gnu++20";
				CLANG_ENABLE_MODULES = YES;
				CLANG_ENABLE_OBJC_ARC = YES;
				CLANG_ENABLE_OBJC_WEAK = YES;
				CLANG_WARN_BLOCK_CAPTURE_AUTORELEASING = YES;
				CLANG_WARN_BOOL_CONVERSION = YES;
				CLANG_WARN_COMMA = YES;
				CLANG_WARN_CONSTANT_CONVERSION = YES;
				CLANG_WARN_DEPRECATED_OBJC_IMPLEMENTATIONS = YES;
				CLANG_WARN_DIRECT_OBJC_ISA_USAGE = YES_ERROR;
				CLANG_WARN_DOCUMENTATION_COMMENTS = YES;
				CLANG_WARN_EMPTY_BODY = YES;
				CLANG_WARN_ENUM_CONVERSION = YES;
				CLANG_WARN_INFINITE_RECURSION = YES;
				CLANG_WARN_INT_CONVERSION = YES;
				CLANG_WARN_NON_LITERAL_NULL_CONVERSION = YES;
				CLANG_WARN_OBJC_IMPLICIT_RETAIN_SELF = YES;
				CLANG_WARN_OBJC_LITERAL_CONVERSION = YES;
				CLANG_WARN_OBJC_ROOT_CLASS = YES_ERROR;
				CLANG_WARN_QUOTED_INCLUDE_IN_FRAMEWORK_HEADER = YES;
				CLANG_WARN_RANGE_LOOP_ANALYSIS = YES;
				CLANG_WARN_STRICT_PROTOTYPES = YES;
				CLANG_WARN_SUSPICIOUS_MOVE = YES;
				CLANG_WARN_UNGUARDED_AVAILABILITY = YES_AGGRESSIVE;
				CLANG_WARN_UNREACHABLE_CODE = YES;
				CLANG_WARN__DUPLICATE_METHOD_MATCH = YES;
				COPY_PHASE_STRIP = NO;
				DEBUG_INFORMATION_FORMAT = "dwarf-with-dsym";
				ENABLE_NS_ASSERTIONS = NO;
				ENABLE_STRICT_OBJC_MSGSEND = YES;
				ENABLE_USER_SCRIPT_SANDBOXING = YES;
				GCC_C_LANGUAGE_STANDARD = gnu17;
				GCC_NO_COMMON_BLOCKS = YES;
				GCC_WARN_64_TO_32_BIT_CONVERSION = YES;
				GCC_WARN_ABOUT_RETURN_TYPE = YES_ERROR;
				GCC_WARN_UNDECLARED_SELECTOR = YES;
				GCC_WARN_UNINITIALIZED_AUTOS = YES_AGGRESSIVE;
				GCC_WARN_UNUSED_FUNCTION = YES;
				GCC_WARN_UNUSED_VARIABLE = YES;
				IPHONEOS_DEPLOYMENT_TARGET = 17.2;
				LOCALIZATION_PREFERS_STRING_CATALOGS = YES;
				MTL_ENABLE_DEBUG_INFO = NO;
				MTL_FAST_MATH = YES;
				SDKROOT = iphoneos;
				SWIFT_COMPILATION_MODE = wholemodule;
				VALIDATE_PRODUCT = YES;
			};
			name = Release;
		};
		A9B62FC72B66E694004A010E /* Debug */ = {
			isa = XCBuildConfiguration;
			buildSettings = {
				ALWAYS_EMBED_SWIFT_STANDARD_LIBRARIES = YES;
				ASSETCATALOG_COMPILER_APPICON_NAME = AppIcon;
				ASSETCATALOG_COMPILER_GLOBAL_ACCENT_COLOR_NAME = AccentColor;
				CODE_SIGN_ENTITLEMENTS = Life2Gpx/Life2GpxDebug.entitlements;
				CODE_SIGN_STYLE = Automatic;
				CURRENT_PROJECT_VERSION = 2;
				DEVELOPMENT_ASSET_PATHS = "\"Life2Gpx/Preview Content\"";
				DEVELOPMENT_TEAM = ABJ999AJQ2;
				ENABLE_PREVIEWS = YES;
				GENERATE_INFOPLIST_FILE = YES;
				INFOPLIST_FILE = Life2Gpx/Info.plist;
				INFOPLIST_KEY_LSApplicationCategoryType = "";
				INFOPLIST_KEY_NSLocationAlwaysAndWhenInUseUsageDescription = "This app requires constant access to your location to track and log your position even when the app is not in the foreground.";
				INFOPLIST_KEY_NSLocationWhenInUseUsageDescription = "This app needs access to your location to record your movements throughout the day when the app is in use.";
				INFOPLIST_KEY_NSMotionUsageDescription = "This app needs to access your fitness data to correctly classify movement types";
				INFOPLIST_KEY_UIApplicationSceneManifest_Generation = YES;
				INFOPLIST_KEY_UIApplicationSupportsIndirectInputEvents = YES;
				INFOPLIST_KEY_UISupportedInterfaceOrientations_iPad = "UIInterfaceOrientationPortrait UIInterfaceOrientationPortraitUpsideDown UIInterfaceOrientationLandscapeLeft UIInterfaceOrientationLandscapeRight";
				INFOPLIST_KEY_UISupportedInterfaceOrientations_iPhone = "UIInterfaceOrientationPortrait UIInterfaceOrientationLandscapeLeft UIInterfaceOrientationLandscapeRight";
				INFOPLIST_KEY_UISupportsDocumentBrowser = YES;
				LD_RUNPATH_SEARCH_PATHS = (
					"$(inherited)",
					"@executable_path/Frameworks",
				);
				MARKETING_VERSION = 0.1;
				PRODUCT_BUNDLE_IDENTIFIER = com.DeltaCygniLabs.Life2Gpx;
				PRODUCT_NAME = "$(TARGET_NAME)";
				SWIFT_EMIT_LOC_STRINGS = YES;
				SWIFT_VERSION = 5.0;
				TARGETED_DEVICE_FAMILY = "1,2";
			};
			name = Debug;
		};
		A9B62FC82B66E694004A010E /* Release */ = {
			isa = XCBuildConfiguration;
			buildSettings = {
				ALWAYS_EMBED_SWIFT_STANDARD_LIBRARIES = YES;
				ASSETCATALOG_COMPILER_APPICON_NAME = AppIcon;
				ASSETCATALOG_COMPILER_GLOBAL_ACCENT_COLOR_NAME = AccentColor;
				CODE_SIGN_ENTITLEMENTS = Life2Gpx/Life2Gpx.entitlements;
				CODE_SIGN_STYLE = Automatic;
				CURRENT_PROJECT_VERSION = 2;
				DEVELOPMENT_ASSET_PATHS = "\"Life2Gpx/Preview Content\"";
				DEVELOPMENT_TEAM = ABJ999AJQ2;
				ENABLE_PREVIEWS = YES;
				GENERATE_INFOPLIST_FILE = YES;
				INFOPLIST_FILE = Life2Gpx/Info.plist;
				INFOPLIST_KEY_LSApplicationCategoryType = "";
				INFOPLIST_KEY_NSLocationAlwaysAndWhenInUseUsageDescription = "This app requires constant access to your location to track and log your position even when the app is not in the foreground.";
				INFOPLIST_KEY_NSLocationWhenInUseUsageDescription = "This app needs access to your location to record your movements throughout the day when the app is in use.";
				INFOPLIST_KEY_NSMotionUsageDescription = "This app needs to access your fitness data to correctly classify movement types";
				INFOPLIST_KEY_UIApplicationSceneManifest_Generation = YES;
				INFOPLIST_KEY_UIApplicationSupportsIndirectInputEvents = YES;
				INFOPLIST_KEY_UISupportedInterfaceOrientations_iPad = "UIInterfaceOrientationPortrait UIInterfaceOrientationPortraitUpsideDown UIInterfaceOrientationLandscapeLeft UIInterfaceOrientationLandscapeRight";
				INFOPLIST_KEY_UISupportedInterfaceOrientations_iPhone = "UIInterfaceOrientationPortrait UIInterfaceOrientationLandscapeLeft UIInterfaceOrientationLandscapeRight";
				INFOPLIST_KEY_UISupportsDocumentBrowser = YES;
				LD_RUNPATH_SEARCH_PATHS = (
					"$(inherited)",
					"@executable_path/Frameworks",
				);
				MARKETING_VERSION = 0.1;
				PRODUCT_BUNDLE_IDENTIFIER = com.DeltaCygniLabs.Life2Gpx;
				PRODUCT_NAME = "$(TARGET_NAME)";
				SWIFT_EMIT_LOC_STRINGS = YES;
				SWIFT_VERSION = 5.0;
				TARGETED_DEVICE_FAMILY = "1,2";
			};
			name = Release;
		};
		A9B62FCA2B66E694004A010E /* Debug */ = {
			isa = XCBuildConfiguration;
			buildSettings = {
				ALWAYS_EMBED_SWIFT_STANDARD_LIBRARIES = YES;
				BUNDLE_LOADER = "$(TEST_HOST)";
				CODE_SIGN_STYLE = Automatic;
				CURRENT_PROJECT_VERSION = 1;
				DEVELOPMENT_TEAM = ABJ999AJQ2;
				GENERATE_INFOPLIST_FILE = YES;
				IPHONEOS_DEPLOYMENT_TARGET = 17.2;
				MARKETING_VERSION = 1.0;
				PRODUCT_BUNDLE_IDENTIFIER = com.DeltaCygniLabs.Life2GpxTests;
				PRODUCT_NAME = "$(TARGET_NAME)";
				SWIFT_EMIT_LOC_STRINGS = NO;
				SWIFT_VERSION = 5.0;
				TARGETED_DEVICE_FAMILY = "1,2";
				TEST_HOST = "$(BUILT_PRODUCTS_DIR)/Life2Gpx.app/$(BUNDLE_EXECUTABLE_FOLDER_PATH)/Life2Gpx";
			};
			name = Debug;
		};
		A9B62FCB2B66E694004A010E /* Release */ = {
			isa = XCBuildConfiguration;
			buildSettings = {
				ALWAYS_EMBED_SWIFT_STANDARD_LIBRARIES = YES;
				BUNDLE_LOADER = "$(TEST_HOST)";
				CODE_SIGN_STYLE = Automatic;
				CURRENT_PROJECT_VERSION = 1;
				DEVELOPMENT_TEAM = ABJ999AJQ2;
				GENERATE_INFOPLIST_FILE = YES;
				IPHONEOS_DEPLOYMENT_TARGET = 17.2;
				MARKETING_VERSION = 1.0;
				PRODUCT_BUNDLE_IDENTIFIER = com.DeltaCygniLabs.Life2GpxTests;
				PRODUCT_NAME = "$(TARGET_NAME)";
				SWIFT_EMIT_LOC_STRINGS = NO;
				SWIFT_VERSION = 5.0;
				TARGETED_DEVICE_FAMILY = "1,2";
				TEST_HOST = "$(BUILT_PRODUCTS_DIR)/Life2Gpx.app/$(BUNDLE_EXECUTABLE_FOLDER_PATH)/Life2Gpx";
			};
			name = Release;
		};
		A9B62FCD2B66E694004A010E /* Debug */ = {
			isa = XCBuildConfiguration;
			buildSettings = {
				ALWAYS_EMBED_SWIFT_STANDARD_LIBRARIES = YES;
				CODE_SIGN_STYLE = Automatic;
				CURRENT_PROJECT_VERSION = 1;
				DEVELOPMENT_TEAM = ABJ999AJQ2;
				GENERATE_INFOPLIST_FILE = YES;
				MARKETING_VERSION = 1.0;
				PRODUCT_BUNDLE_IDENTIFIER = com.DeltaCygniLabs.Life2GpxUITests;
				PRODUCT_NAME = "$(TARGET_NAME)";
				SWIFT_EMIT_LOC_STRINGS = NO;
				SWIFT_VERSION = 5.0;
				TARGETED_DEVICE_FAMILY = "1,2";
				TEST_TARGET_NAME = Life2Gpx;
			};
			name = Debug;
		};
		A9B62FCE2B66E694004A010E /* Release */ = {
			isa = XCBuildConfiguration;
			buildSettings = {
				ALWAYS_EMBED_SWIFT_STANDARD_LIBRARIES = YES;
				CODE_SIGN_STYLE = Automatic;
				CURRENT_PROJECT_VERSION = 1;
				DEVELOPMENT_TEAM = ABJ999AJQ2;
				GENERATE_INFOPLIST_FILE = YES;
				MARKETING_VERSION = 1.0;
				PRODUCT_BUNDLE_IDENTIFIER = com.DeltaCygniLabs.Life2GpxUITests;
				PRODUCT_NAME = "$(TARGET_NAME)";
				SWIFT_EMIT_LOC_STRINGS = NO;
				SWIFT_VERSION = 5.0;
				TARGETED_DEVICE_FAMILY = "1,2";
				TEST_TARGET_NAME = Life2Gpx;
			};
			name = Release;
		};
		A9C5E5862BEBDDB500110A3A /* Debug */ = {
			isa = XCBuildConfiguration;
			buildSettings = {
				ASSETCATALOG_COMPILER_GLOBAL_ACCENT_COLOR_NAME = AccentColor;
				ASSETCATALOG_COMPILER_WIDGET_BACKGROUND_COLOR_NAME = WidgetBackground;
				CODE_SIGN_ENTITLEMENTS = "Lockscreen WidgetsExtensionDebug.entitlements";
				CODE_SIGN_STYLE = Automatic;
				CURRENT_PROJECT_VERSION = 1;
				DEVELOPMENT_TEAM = ABJ999AJQ2;
				GENERATE_INFOPLIST_FILE = YES;
				INFOPLIST_FILE = "Lockscreen Widgets/Info.plist";
				INFOPLIST_KEY_CFBundleDisplayName = "Lockscreen Widgets";
				INFOPLIST_KEY_NSHumanReadableCopyright = "";
				IPHONEOS_DEPLOYMENT_TARGET = 17.4;
				LD_RUNPATH_SEARCH_PATHS = (
					"$(inherited)",
					"@executable_path/Frameworks",
					"@executable_path/../../Frameworks",
				);
				MARKETING_VERSION = 1.0;
				PRODUCT_BUNDLE_IDENTIFIER = "com.DeltaCygniLabs.Life2Gpx.Lockscreen-Widgets";
				PRODUCT_NAME = "$(TARGET_NAME)";
				SKIP_INSTALL = YES;
				SWIFT_EMIT_LOC_STRINGS = YES;
				SWIFT_VERSION = 5.0;
				TARGETED_DEVICE_FAMILY = "1,2";
			};
			name = Debug;
		};
		A9C5E5872BEBDDB500110A3A /* Release */ = {
			isa = XCBuildConfiguration;
			buildSettings = {
				ASSETCATALOG_COMPILER_GLOBAL_ACCENT_COLOR_NAME = AccentColor;
				ASSETCATALOG_COMPILER_WIDGET_BACKGROUND_COLOR_NAME = WidgetBackground;
				CODE_SIGN_STYLE = Automatic;
				CURRENT_PROJECT_VERSION = 1;
				DEVELOPMENT_TEAM = ABJ999AJQ2;
				GENERATE_INFOPLIST_FILE = YES;
				INFOPLIST_FILE = "Lockscreen Widgets/Info.plist";
				INFOPLIST_KEY_CFBundleDisplayName = "Lockscreen Widgets";
				INFOPLIST_KEY_NSHumanReadableCopyright = "";
				IPHONEOS_DEPLOYMENT_TARGET = 17.4;
				LD_RUNPATH_SEARCH_PATHS = (
					"$(inherited)",
					"@executable_path/Frameworks",
					"@executable_path/../../Frameworks",
				);
				MARKETING_VERSION = 1.0;
				PRODUCT_BUNDLE_IDENTIFIER = "com.DeltaCygniLabs.Life2Gpx.Lockscreen-Widgets";
				PRODUCT_NAME = "$(TARGET_NAME)";
				SKIP_INSTALL = YES;
				SWIFT_EMIT_LOC_STRINGS = YES;
				SWIFT_VERSION = 5.0;
				TARGETED_DEVICE_FAMILY = "1,2";
			};
			name = Release;
		};
/* End XCBuildConfiguration section */

/* Begin XCConfigurationList section */
		A9B62F9D2B66E692004A010E /* Build configuration list for PBXProject "Life2Gpx" */ = {
			isa = XCConfigurationList;
			buildConfigurations = (
				A9B62FC42B66E694004A010E /* Debug */,
				A9B62FC52B66E694004A010E /* Release */,
			);
			defaultConfigurationIsVisible = 0;
			defaultConfigurationName = Release;
		};
		A9B62FC62B66E694004A010E /* Build configuration list for PBXNativeTarget "Life2Gpx" */ = {
			isa = XCConfigurationList;
			buildConfigurations = (
				A9B62FC72B66E694004A010E /* Debug */,
				A9B62FC82B66E694004A010E /* Release */,
			);
			defaultConfigurationIsVisible = 0;
			defaultConfigurationName = Release;
		};
		A9B62FC92B66E694004A010E /* Build configuration list for PBXNativeTarget "Life2GpxTests" */ = {
			isa = XCConfigurationList;
			buildConfigurations = (
				A9B62FCA2B66E694004A010E /* Debug */,
				A9B62FCB2B66E694004A010E /* Release */,
			);
			defaultConfigurationIsVisible = 0;
			defaultConfigurationName = Release;
		};
		A9B62FCC2B66E694004A010E /* Build configuration list for PBXNativeTarget "Life2GpxUITests" */ = {
			isa = XCConfigurationList;
			buildConfigurations = (
				A9B62FCD2B66E694004A010E /* Debug */,
				A9B62FCE2B66E694004A010E /* Release */,
			);
			defaultConfigurationIsVisible = 0;
			defaultConfigurationName = Release;
		};
		A9C5E5882BEBDDB500110A3A /* Build configuration list for PBXNativeTarget "Lockscreen WidgetsExtension" */ = {
			isa = XCConfigurationList;
			buildConfigurations = (
				A9C5E5862BEBDDB500110A3A /* Debug */,
				A9C5E5872BEBDDB500110A3A /* Release */,
			);
			defaultConfigurationIsVisible = 0;
			defaultConfigurationName = Release;
		};
/* End XCConfigurationList section */

/* Begin XCRemoteSwiftPackageReference section */
		7DC64B352D905D6800E6ED1F /* XCRemoteSwiftPackageReference "SymbolPicker" */ = {
			isa = XCRemoteSwiftPackageReference;
			repositoryURL = "https://github.com/xnth97/SymbolPicker";
			requirement = {
				kind = upToNextMajorVersion;
				minimumVersion = 1.6.2;
			};
		};
		A9492B452B8A7FD10059DAB6 /* XCRemoteSwiftPackageReference "CoreGPX" */ = {
			isa = XCRemoteSwiftPackageReference;
			repositoryURL = "https://github.com/vincentneo/CoreGPX.git";
			requirement = {
				kind = upToNextMajorVersion;
				minimumVersion = 0.9.2;
			};
		};
/* End XCRemoteSwiftPackageReference section */

/* Begin XCSwiftPackageProductDependency section */
		7DC64B362D905D6800E6ED1F /* SymbolPicker */ = {
			isa = XCSwiftPackageProductDependency;
			package = 7DC64B352D905D6800E6ED1F /* XCRemoteSwiftPackageReference "SymbolPicker" */;
			productName = SymbolPicker;
		};
		A9492B462B8A7FD10059DAB6 /* CoreGPX */ = {
			isa = XCSwiftPackageProductDependency;
			package = A9492B452B8A7FD10059DAB6 /* XCRemoteSwiftPackageReference "CoreGPX" */;
			productName = CoreGPX;
		};
/* End XCSwiftPackageProductDependency section */
	};
	rootObject = A9B62F9A2B66E692004A010E /* Project object */;
}
